
Microsoft Visual Studio Solution File, Format Version 12.00
# Visual Studio 14
VisualStudioVersion = 14.0.24720.0
MinimumVisualStudioVersion = 10.0.40219.1
Project("{FAE04EC0-301F-11D3-BF4B-00C04F79EFBC}") = "IoTCoreApp", "IoTCoreApp\IoTCoreApp.csproj", "{BE4EEF63-6846-4A12-BB0E-691B11CA336A}"
	ProjectSection(ProjectDependencies) = postProject
		{DE30323E-6919-4F30-8E02-BB15669C15AF} = {DE30323E-6919-4F30-8E02-BB15669C15AF}
		{A440FB6B-4F95-4B2A-A062-191B465E848E} = {A440FB6B-4F95-4B2A-A062-191B465E848E}
	EndProjectSection
EndProject
Project("{8BC9CEB8-8B4A-11D0-8D11-00A0C91BC942}") = "org.allseen.LSF.LampState", "LightController\org.allseen.LSF.LampState\org.allseen.LSF.LampState.vcxproj", "{C84C9DAE-39B8-4116-A7C0-82514145E7E6}"
EndProject
Project("{FAE04EC0-301F-11D3-BF4B-00C04F79EFBC}") = "SimpleApp", "SimpleApp\SimpleApp.csproj", "{D68D6B4E-DD0D-4F33-922C-772765F433C6}"
	ProjectSection(ProjectDependencies) = postProject
		{A440FB6B-4F95-4B2A-A062-191B465E848E} = {A440FB6B-4F95-4B2A-A062-191B465E848E}
	EndProjectSection
EndProject
Project("{FAE04EC0-301F-11D3-BF4B-00C04F79EFBC}") = "IoTHubClient", "IoTHubClient\IoTHubClient.csproj", "{DE30323E-6919-4F30-8E02-BB15669C15AF}"
EndProject
Project("{FAE04EC0-301F-11D3-BF4B-00C04F79EFBC}") = "LightController", "LightController\LightController.csproj", "{A440FB6B-4F95-4B2A-A062-191B465E848E}"
	ProjectSection(ProjectDependencies) = postProject
		{C84C9DAE-39B8-4116-A7C0-82514145E7E6} = {C84C9DAE-39B8-4116-A7C0-82514145E7E6}
	EndProjectSection
EndProject
Global
	GlobalSection(SolutionConfigurationPlatforms) = preSolution
		Debug|Any CPU = Debug|Any CPU
		Debug|ARM = Debug|ARM
		Debug|x64 = Debug|x64
		Debug|x86 = Debug|x86
		Release|Any CPU = Release|Any CPU
		Release|ARM = Release|ARM
		Release|x64 = Release|x64
		Release|x86 = Release|x86
	EndGlobalSection
	GlobalSection(ProjectConfigurationPlatforms) = postSolution
		{BE4EEF63-6846-4A12-BB0E-691B11CA336A}.Debug|Any CPU.ActiveCfg = Debug|x86
		{BE4EEF63-6846-4A12-BB0E-691B11CA336A}.Debug|ARM.ActiveCfg = Debug|ARM
		{BE4EEF63-6846-4A12-BB0E-691B11CA336A}.Debug|ARM.Build.0 = Debug|ARM
		{BE4EEF63-6846-4A12-BB0E-691B11CA336A}.Debug|ARM.Deploy.0 = Debug|ARM
		{BE4EEF63-6846-4A12-BB0E-691B11CA336A}.Debug|x64.ActiveCfg = Debug|x64
		{BE4EEF63-6846-4A12-BB0E-691B11CA336A}.Debug|x64.Build.0 = Debug|x64
		{BE4EEF63-6846-4A12-BB0E-691B11CA336A}.Debug|x64.Deploy.0 = Debug|x64
		{BE4EEF63-6846-4A12-BB0E-691B11CA336A}.Debug|x86.ActiveCfg = Debug|x86
		{BE4EEF63-6846-4A12-BB0E-691B11CA336A}.Debug|x86.Build.0 = Debug|x86
		{BE4EEF63-6846-4A12-BB0E-691B11CA336A}.Debug|x86.Deploy.0 = Debug|x86
		{BE4EEF63-6846-4A12-BB0E-691B11CA336A}.Release|Any CPU.ActiveCfg = Release|x86
		{BE4EEF63-6846-4A12-BB0E-691B11CA336A}.Release|ARM.ActiveCfg = Release|ARM
		{BE4EEF63-6846-4A12-BB0E-691B11CA336A}.Release|ARM.Build.0 = Release|ARM
		{BE4EEF63-6846-4A12-BB0E-691B11CA336A}.Release|ARM.Deploy.0 = Release|ARM
		{BE4EEF63-6846-4A12-BB0E-691B11CA336A}.Release|x64.ActiveCfg = Release|x64
		{BE4EEF63-6846-4A12-BB0E-691B11CA336A}.Release|x64.Build.0 = Release|x64
		{BE4EEF63-6846-4A12-BB0E-691B11CA336A}.Release|x64.Deploy.0 = Release|x64
		{BE4EEF63-6846-4A12-BB0E-691B11CA336A}.Release|x86.ActiveCfg = Release|x86
		{BE4EEF63-6846-4A12-BB0E-691B11CA336A}.Release|x86.Build.0 = Release|x86
		{BE4EEF63-6846-4A12-BB0E-691B11CA336A}.Release|x86.Deploy.0 = Release|x86
		{C84C9DAE-39B8-4116-A7C0-82514145E7E6}.Debug|Any CPU.ActiveCfg = Debug|Win32
		{C84C9DAE-39B8-4116-A7C0-82514145E7E6}.Debug|ARM.ActiveCfg = Debug|ARM
		{C84C9DAE-39B8-4116-A7C0-82514145E7E6}.Debug|ARM.Build.0 = Debug|ARM
		{C84C9DAE-39B8-4116-A7C0-82514145E7E6}.Debug|x64.ActiveCfg = Debug|x64
		{C84C9DAE-39B8-4116-A7C0-82514145E7E6}.Debug|x64.Build.0 = Debug|x64
		{C84C9DAE-39B8-4116-A7C0-82514145E7E6}.Debug|x86.ActiveCfg = Debug|Win32
		{C84C9DAE-39B8-4116-A7C0-82514145E7E6}.Debug|x86.Build.0 = Debug|Win32
		{C84C9DAE-39B8-4116-A7C0-82514145E7E6}.Release|Any CPU.ActiveCfg = Release|Win32
		{C84C9DAE-39B8-4116-A7C0-82514145E7E6}.Release|ARM.ActiveCfg = Release|ARM
		{C84C9DAE-39B8-4116-A7C0-82514145E7E6}.Release|ARM.Build.0 = Release|ARM
		{C84C9DAE-39B8-4116-A7C0-82514145E7E6}.Release|x64.ActiveCfg = Release|x64
		{C84C9DAE-39B8-4116-A7C0-82514145E7E6}.Release|x64.Build.0 = Release|x64
		{C84C9DAE-39B8-4116-A7C0-82514145E7E6}.Release|x86.ActiveCfg = Release|Win32
		{C84C9DAE-39B8-4116-A7C0-82514145E7E6}.Release|x86.Build.0 = Release|Win32
		{D68D6B4E-DD0D-4F33-922C-772765F433C6}.Debug|Any CPU.ActiveCfg = Debug|x86
		{D68D6B4E-DD0D-4F33-922C-772765F433C6}.Debug|ARM.ActiveCfg = Debug|ARM
		{D68D6B4E-DD0D-4F33-922C-772765F433C6}.Debug|ARM.Build.0 = Debug|ARM
		{D68D6B4E-DD0D-4F33-922C-772765F433C6}.Debug|ARM.Deploy.0 = Debug|ARM
		{D68D6B4E-DD0D-4F33-922C-772765F433C6}.Debug|x64.ActiveCfg = Debug|x64
		{D68D6B4E-DD0D-4F33-922C-772765F433C6}.Debug|x64.Build.0 = Debug|x64
		{D68D6B4E-DD0D-4F33-922C-772765F433C6}.Debug|x64.Deploy.0 = Debug|x64
		{D68D6B4E-DD0D-4F33-922C-772765F433C6}.Debug|x86.ActiveCfg = Debug|x86
		{D68D6B4E-DD0D-4F33-922C-772765F433C6}.Debug|x86.Build.0 = Debug|x86
		{D68D6B4E-DD0D-4F33-922C-772765F433C6}.Debug|x86.Deploy.0 = Debug|x86
		{D68D6B4E-DD0D-4F33-922C-772765F433C6}.Release|Any CPU.ActiveCfg = Release|x86
		{D68D6B4E-DD0D-4F33-922C-772765F433C6}.Release|ARM.ActiveCfg = Release|ARM
		{D68D6B4E-DD0D-4F33-922C-772765F433C6}.Release|ARM.Build.0 = Release|ARM
		{D68D6B4E-DD0D-4F33-922C-772765F433C6}.Release|ARM.Deploy.0 = Release|ARM
		{D68D6B4E-DD0D-4F33-922C-772765F433C6}.Release|x64.ActiveCfg = Release|x64
		{D68D6B4E-DD0D-4F33-922C-772765F433C6}.Release|x64.Build.0 = Release|x64
		{D68D6B4E-DD0D-4F33-922C-772765F433C6}.Release|x64.Deploy.0 = Release|x64
		{D68D6B4E-DD0D-4F33-922C-772765F433C6}.Release|x86.ActiveCfg = Release|x86
		{D68D6B4E-DD0D-4F33-922C-772765F433C6}.Release|x86.Build.0 = Release|x86
		{D68D6B4E-DD0D-4F33-922C-772765F433C6}.Release|x86.Deploy.0 = Release|x86
		{DE30323E-6919-4F30-8E02-BB15669C15AF}.Debug|Any CPU.ActiveCfg = Debug|Any CPU
		{DE30323E-6919-4F30-8E02-BB15669C15AF}.Debug|Any CPU.Build.0 = Debug|Any CPU
		{DE30323E-6919-4F30-8E02-BB15669C15AF}.Debug|ARM.ActiveCfg = Debug|ARM
		{DE30323E-6919-4F30-8E02-BB15669C15AF}.Debug|ARM.Build.0 = Debug|ARM
		{DE30323E-6919-4F30-8E02-BB15669C15AF}.Debug|x64.ActiveCfg = Debug|x64
		{DE30323E-6919-4F30-8E02-BB15669C15AF}.Debug|x64.Build.0 = Debug|x64
		{DE30323E-6919-4F30-8E02-BB15669C15AF}.Debug|x86.ActiveCfg = Debug|x86
		{DE30323E-6919-4F30-8E02-BB15669C15AF}.Debug|x86.Build.0 = Debug|x86
		{DE30323E-6919-4F30-8E02-BB15669C15AF}.Release|Any CPU.ActiveCfg = Release|Any CPU
		{DE30323E-6919-4F30-8E02-BB15669C15AF}.Release|Any CPU.Build.0 = Release|Any CPU
		{DE30323E-6919-4F30-8E02-BB15669C15AF}.Release|ARM.ActiveCfg = Release|ARM
		{DE30323E-6919-4F30-8E02-BB15669C15AF}.Release|ARM.Build.0 = Release|ARM
		{DE30323E-6919-4F30-8E02-BB15669C15AF}.Release|x64.ActiveCfg = Release|x64
		{DE30323E-6919-4F30-8E02-BB15669C15AF}.Release|x64.Build.0 = Release|x64
		{DE30323E-6919-4F30-8E02-BB15669C15AF}.Release|x86.ActiveCfg = Release|x86
		{DE30323E-6919-4F30-8E02-BB15669C15AF}.Release|x86.Build.0 = Release|x86
		{A440FB6B-4F95-4B2A-A062-191B465E848E}.Debug|Any CPU.ActiveCfg = Debug|Any CPU
		{A440FB6B-4F95-4B2A-A062-191B465E848E}.Debug|Any CPU.Build.0 = Debug|Any CPU
		{A440FB6B-4F95-4B2A-A062-191B465E848E}.Debug|ARM.ActiveCfg = Debug|ARM
		{A440FB6B-4F95-4B2A-A062-191B465E848E}.Debug|ARM.Build.0 = Debug|ARM
		{A440FB6B-4F95-4B2A-A062-191B465E848E}.Debug|x64.ActiveCfg = Debug|x64
		{A440FB6B-4F95-4B2A-A062-191B465E848E}.Debug|x64.Build.0 = Debug|x64
		{A440FB6B-4F95-4B2A-A062-191B465E848E}.Debug|x86.ActiveCfg = Debug|x86
		{A440FB6B-4F95-4B2A-A062-191B465E848E}.Debug|x86.Build.0 = Debug|x86
		{A440FB6B-4F95-4B2A-A062-191B465E848E}.Release|Any CPU.ActiveCfg = Release|Any CPU
		{A440FB6B-4F95-4B2A-A062-191B465E848E}.Release|Any CPU.Build.0 = Release|Any CPU
		{A440FB6B-4F95-4B2A-A062-191B465E848E}.Release|ARM.ActiveCfg = Release|ARM
		{A440FB6B-4F95-4B2A-A062-191B465E848E}.Release|ARM.Build.0 = Release|ARM
		{A440FB6B-4F95-4B2A-A062-191B465E848E}.Release|x64.ActiveCfg = Release|x64
		{A440FB6B-4F95-4B2A-A062-191B465E848E}.Release|x64.Build.0 = Release|x64
		{A440FB6B-4F95-4B2A-A062-191B465E848E}.Release|x86.ActiveCfg = Release|x86
		{A440FB6B-4F95-4B2A-A062-191B465E848E}.Release|x86.Build.0 = Release|x86
	EndGlobalSection
	GlobalSection(SolutionProperties) = preSolution
		HideSolutionNode = FALSE
	EndGlobalSection
EndGlobal
